<?xml version="1.0" encoding="utf-8"?>
<Project ToolsVersion="4.0" xmlns="http://schemas.microsoft.com/developer/msbuild/2003">
  <ItemGroup>
    <Filter Include="Source Files">
      <UniqueIdentifier>{4FC737F1-C7A5-4376-A066-2A32D752A2FF}</UniqueIdentifier>
      <Extensions>cpp;c;cc;cxx;def;odl;idl;hpj;bat;asm;asmx</Extensions>
    </Filter>
    <Filter Include="Header Files">
      <UniqueIdentifier>{93995380-89BD-4b04-88EB-625FBE52EBFB}</UniqueIdentifier>
      <Extensions>h;hh;hpp;hxx;hm;inl;inc;ipp;xsd</Extensions>
    </Filter>
    <Filter Include="Resource Files">
      <UniqueIdentifier>{67DA6AB6-F800-4c08-8B7A-83BB121AAD01}</UniqueIdentifier>
      <Extensions>rc;ico;cur;bmp;dlg;rc2;rct;bin;rgs;gif;jpg;jpeg;jpe;resx;tiff;tif;png;wav;mfcribbon-ms</Extensions>
    </Filter>
    <Filter Include="Source Files\interface">
      <UniqueIdentifier>{d57dce8c-7ef9-4e73-a90b-e5f47a6c3c3f}</UniqueIdentifier>
    </Filter>
    <Filter Include="Header Files\interface">
      <UniqueIdentifier>{5bd98a64-bd93-4a73-bfc3-6edbbf0bbfd8}</UniqueIdentifier>
    </Filter>
    <Filter Include="Header Files\loader">
      <UniqueIdentifier>{a325037f-43f4-4201-b0c0-3006190af1f2}</UniqueIdentifier>
    </Filter>
    <Filter Include="Header Files\elements">
      <UniqueIdentifier>{0ac4e34a-83ff-458f-968d-25d89b8cae5f}</UniqueIdentifier>
    </Filter>
    <Filter Include="Source Files\elements">
      <UniqueIdentifier>{52d789ca-bdb5-40da-aee6-5813b35ce983}</UniqueIdentifier>
    </Filter>
    <Filter Include="Header Files\maps">
      <UniqueIdentifier>{8ef79bbe-3142-4805-9175-27ff9d90fd5e}</UniqueIdentifier>
    </Filter>
    <Filter Include="Source Files\maps">
      <UniqueIdentifier>{59c374fc-60b6-4fa0-a381-7bf3977e1d20}</UniqueIdentifier>
    </Filter>
    <Filter Include="Source Files\logic">
      <UniqueIdentifier>{bde92242-029d-4968-9ea1-171715f30159}</UniqueIdentifier>
    </Filter>
    <Filter Include="Header Files\logic">
      <UniqueIdentifier>{71e8bbef-8fbd-445a-86d8-757abd4236b0}</UniqueIdentifier>
    </Filter>
  </ItemGroup>
  <ItemGroup>
    <ClCompile Include="main.cpp">
      <Filter>Source Files</Filter>
    </ClCompile>
    <ClCompile Include="inputHandler.cpp">
      <Filter>Source Files\interface</Filter>
    </ClCompile>
    <ClCompile Include="window.cpp">
      <Filter>Source Files\interface</Filter>
    </ClCompile>
    <ClCompile Include="utility.cpp">
      <Filter>Source Files</Filter>
    </ClCompile>
    <ClCompile Include="game.cpp">
      <Filter>Source Files\interface</Filter>
    </ClCompile>
    <ClCompile Include="display.cpp">
      <Filter>Source Files\interface</Filter>
    </ClCompile>
    <ClCompile Include="enums.cpp">
      <Filter>Source Files\elements</Filter>
    </ClCompile>
    <ClCompile Include="player.cpp">
      <Filter>Source Files\elements</Filter>
    </ClCompile>
    <ClCompile Include="itemData.cpp">
      <Filter>Source Files\elements</Filter>
    </ClCompile>
    <ClCompile Include="creature.cpp">
      <Filter>Source Files\elements</Filter>
    </ClCompile>
    <ClCompile Include="item.cpp">
      <Filter>Source Files\elements</Filter>
    </ClCompile>
    <ClCompile Include="maptile.cpp">
      <Filter>Source Files\maps</Filter>
    </ClCompile>
    <ClCompile Include="gridmap.cpp">
      <Filter>Source Files\maps</Filter>
    </ClCompile>
    <ClCompile Include="mapgen.cpp">
      <Filter>Source Files\maps</Filter>
    </ClCompile>
    <ClCompile Include="movement.cpp">
      <Filter>Source Files\logic</Filter>
    </ClCompile>
    <ClCompile Include="messages.cpp">
      <Filter>Source Files\logic</Filter>
    </ClCompile>
    <ClCompile Include="dataLoader.cpp">
      <Filter>Source Files</Filter>
    </ClCompile>
    <ClCompile Include="monster.cpp">
      <Filter>Source Files\elements</Filter>
    </ClCompile>
    <ClCompile Include="combat.cpp">
      <Filter>Source Files\logic</Filter>
    </ClCompile>
    <ClCompile Include="ai.cpp">
      <Filter>Source Files\logic</Filter>
    </ClCompile>
    <ClCompile Include="visibility.cpp">
      <Filter>Source Files\logic</Filter>
    </ClCompile>
    <ClCompile Include="animation.cpp">
      <Filter>Source Files\interface</Filter>
    </ClCompile>
    <ClCompile Include="lootgen.cpp">
      <Filter>Source Files\maps</Filter>
    </ClCompile>
    <ClCompile Include="manageItems.cpp">
      <Filter>Source Files\logic</Filter>
    </ClCompile>
    <ClCompile Include="progression.cpp">
      <Filter>Source Files\logic</Filter>
    </ClCompile>
    <ClCompile Include="feats.cpp">
      <Filter>Source Files\elements</Filter>
    </ClCompile>
    <ClCompile Include="magic.cpp">
      <Filter>Source Files\logic</Filter>
    </ClCompile>
  </ItemGroup>
  <ItemGroup>
    <ClInclude Include="color_constants.h">
      <Filter>Header Files</Filter>
    </ClInclude>
    <ClInclude Include="inputHandler.h">
      <Filter>Header Files\interface</Filter>
    </ClInclude>
    <ClInclude Include="utility.h">
      <Filter>Header Files</Filter>
    </ClInclude>
    <ClInclude Include="game.h">
      <Filter>Header Files\interface</Filter>
    </ClInclude>
    <ClInclude Include="display.h">
      <Filter>Header Files\interface</Filter>
    </ClInclude>
    <ClInclude Include="keybindings.h">
      <Filter>Header Files\loader</Filter>
    </ClInclude>
    <ClInclude Include="loader_constants.h">
      <Filter>Header Files\loader</Filter>
    </ClInclude>
    <ClInclude Include="window.h">
      <Filter>Header Files\interface</Filter>
    </ClInclude>
    <ClInclude Include="enums.h">
      <Filter>Header Files\elements</Filter>
    </ClInclude>
    <ClInclude Include="creature.h">
      <Filter>Header Files\elements</Filter>
    </ClInclude>
    <ClInclude Include="player.h">
      <Filter>Header Files\elements</Filter>
    </ClInclude>
    <ClInclude Include="gamedata.h">
      <Filter>Header Files\interface</Filter>
    </ClInclude>
    <ClInclude Include="itemData.h">
      <Filter>Header Files\elements</Filter>
    </ClInclude>
    <ClInclude Include="item.h">
      <Filter>Header Files\elements</Filter>
    </ClInclude>
    <ClInclude Include="gridmap.h">
      <Filter>Header Files\maps</Filter>
    </ClInclude>
    <ClInclude Include="mapgen.h">
      <Filter>Header Files\maps</Filter>
    </ClInclude>
    <ClInclude Include="movement.h">
      <Filter>Header Files\logic</Filter>
    </ClInclude>
    <ClInclude Include="messages.h">
      <Filter>Header Files\logic</Filter>
    </ClInclude>
    <ClInclude Include="dataLoader.h">
      <Filter>Header Files\loader</Filter>
    </ClInclude>
    <ClInclude Include="monster.h">
      <Filter>Header Files\elements</Filter>
    </ClInclude>
    <ClInclude Include="combat.h">
      <Filter>Header Files\logic</Filter>
    </ClInclude>
    <ClInclude Include="ai.h">
      <Filter>Header Files\logic</Filter>
    </ClInclude>
    <ClInclude Include="visibility.h">
      <Filter>Header Files\logic</Filter>
    </ClInclude>
    <ClInclude Include="animation.h">
      <Filter>Header Files\interface</Filter>
    </ClInclude>
    <ClInclude Include="lootgen.h">
      <Filter>Header Files\maps</Filter>
    </ClInclude>
    <ClInclude Include="manageItems.h">
      <Filter>Header Files\logic</Filter>
    </ClInclude>
    <ClInclude Include="progression.h">
      <Filter>Header Files\logic</Filter>
    </ClInclude>
    <ClInclude Include="maptile.h">
      <Filter>Header Files\maps</Filter>
    </ClInclude>
    <ClInclude Include="feats.h">
      <Filter>Header Files\elements</Filter>
    </ClInclude>
    <ClInclude Include="magic.h">
      <Filter>Header Files\logic</Filter>
    </ClInclude>
  </ItemGroup>
</Project>